
Microsoft Visual Studio Solution File, Format Version 12.00
# Visual Studio 14
VisualStudioVersion = 14.0.23107.0
MinimumVisualStudioVersion = 10.0.40219.1
Project("{FAE04EC0-301F-11D3-BF4B-00C04F79EFBC}") = "MiniJava", "MiniJava\MiniJava.csproj", "{FAC702F4-D535-4799-B160-A4FDF345661C}"
EndProject
Global
	GlobalSection(SolutionConfigurationPlatforms) = preSolution
		Debug|Any CPU = Debug|Any CPU
		Release|Any CPU = Release|Any CPU
	EndGlobalSection
	GlobalSection(ProjectConfigurationPlatforms) = postSolution
		{FAC702F4-D535-4799-B160-A4FDF345661C}.Debug|Any CPU.ActiveCfg = Debug|Any CPU
		{FAC702F4-D535-4799-B160-A4FDF345661C}.Debug|Any CPU.Build.0 = Debug|Any CPU
		{FAC702F4-D535-4799-B160-A4FDF345661C}.Release|Any CPU.ActiveCfg = Release|Any CPU
		{FAC702F4-D535-4799-B160-A4FDF345661C}.Release|Any CPU.Build.0 = Release|Any CPU
	EndGlobalSection
	GlobalSection(SolutionProperties) = preSolution
		HideSolutionNode = FALSE
	EndGlobalSection
EndGlobal
